// !$*UTF8*$!
{
	archiveVersion = 1;
	classes = {
	};
	objectVersion = 52;
	objects = {

/* Begin PBXBuildFile section */
		DC05BEB32671B672003FF3DD /* ScreenshotWorkflow.swift in Sources */ = {isa = PBXBuildFile; fileRef = DC05BEB22671B672003FF3DD /* ScreenshotWorkflow.swift */; };
		DC05BEB82671B7B3003FF3DD /* MenuItemWorkflow.swift in Sources */ = {isa = PBXBuildFile; fileRef = DC05BEB72671B7B3003FF3DD /* MenuItemWorkflow.swift */; };
		DC365E1C261BE71400633568 /* AppDelegate.swift in Sources */ = {isa = PBXBuildFile; fileRef = DC365E1B261BE71400633568 /* AppDelegate.swift */; };
		DC365E20261BE71600633568 /* Assets.xcassets in Resources */ = {isa = PBXBuildFile; fileRef = DC365E1F261BE71600633568 /* Assets.xcassets */; };
		DC365E23261BE71600633568 /* Preview Assets.xcassets in Resources */ = {isa = PBXBuildFile; fileRef = DC365E22261BE71600633568 /* Preview Assets.xcassets */; };
		DC365E31261BE90800633568 /* Main.storyboard in Resources */ = {isa = PBXBuildFile; fileRef = DC365E30261BE90800633568 /* Main.storyboard */; };
		DC365E38261BF6DB00633568 /* ImageToText.swift in Sources */ = {isa = PBXBuildFile; fileRef = DC365E37261BF6DB00633568 /* ImageToText.swift */; };
		DC365E3B261BFCB900633568 /* LocateFile.swift in Sources */ = {isa = PBXBuildFile; fileRef = DC365E3A261BFCB900633568 /* LocateFile.swift */; };
		DC365E3F261C020D00633568 /* KeyboardShortcuts in Frameworks */ = {isa = PBXBuildFile; productRef = DC365E3E261C020D00633568 /* KeyboardShortcuts */; };
		DC365E42261C021800633568 /* Constants.swift in Sources */ = {isa = PBXBuildFile; fileRef = DC365E41261C021800633568 /* Constants.swift */; };
		DC365E46261C900F00633568 /* FileExtensionSortByDate.swift in Sources */ = {isa = PBXBuildFile; fileRef = DC365E45261C900F00633568 /* FileExtensionSortByDate.swift */; };
		DC365E4D261C94B300633568 /* SessionView.swift in Sources */ = {isa = PBXBuildFile; fileRef = DC365E4C261C94B300633568 /* SessionView.swift */; };
		DC53D793261E97BD0039A4FF /* SwiftyDropbox in Frameworks */ = {isa = PBXBuildFile; productRef = DC53D792261E97BD0039A4FF /* SwiftyDropbox */; };
		DC53D796261E97CC0039A4FF /* BoxSignIn.swift in Sources */ = {isa = PBXBuildFile; fileRef = DC53D795261E97CC0039A4FF /* BoxSignIn.swift */; };
		DC57891226222C4C00293E86 /* SessionStart.swift in Sources */ = {isa = PBXBuildFile; fileRef = DC57891126222C4C00293E86 /* SessionStart.swift */; };
		DC80864B2621DDF6004CD20F /* PythonKit in Frameworks */ = {isa = PBXBuildFile; productRef = DC80864A2621DDF6004CD20F /* PythonKit */; };
		DC98531F261C9AAE000626DF /* ResizeImageExtension.swift in Sources */ = {isa = PBXBuildFile; fileRef = DC98531E261C9AAE000626DF /* ResizeImageExtension.swift */; };
/* End PBXBuildFile section */

/* Begin PBXFileReference section */
		DC05BEB22671B672003FF3DD /* ScreenshotWorkflow.swift */ = {isa = PBXFileReference; lastKnownFileType = sourcecode.swift; path = ScreenshotWorkflow.swift; sourceTree = "<group>"; };
		DC05BEB72671B7B3003FF3DD /* MenuItemWorkflow.swift */ = {isa = PBXFileReference; lastKnownFileType = sourcecode.swift; path = MenuItemWorkflow.swift; sourceTree = "<group>"; };
		DC365E18261BE71400633568 /* CloudClip.app */ = {isa = PBXFileReference; explicitFileType = wrapper.application; includeInIndex = 0; path = CloudClip.app; sourceTree = BUILT_PRODUCTS_DIR; };
		DC365E1B261BE71400633568 /* AppDelegate.swift */ = {isa = PBXFileReference; lastKnownFileType = sourcecode.swift; path = AppDelegate.swift; sourceTree = "<group>"; };
		DC365E1F261BE71600633568 /* Assets.xcassets */ = {isa = PBXFileReference; lastKnownFileType = folder.assetcatalog; path = Assets.xcassets; sourceTree = "<group>"; };
		DC365E22261BE71600633568 /* Preview Assets.xcassets */ = {isa = PBXFileReference; lastKnownFileType = folder.assetcatalog; path = "Preview Assets.xcassets"; sourceTree = "<group>"; };
		DC365E27261BE71600633568 /* Info.plist */ = {isa = PBXFileReference; lastKnownFileType = text.plist.xml; path = Info.plist; sourceTree = "<group>"; };
		DC365E28261BE71600633568 /* CloudClip.entitlements */ = {isa = PBXFileReference; lastKnownFileType = text.plist.entitlements; path = CloudClip.entitlements; sourceTree = "<group>"; };
		DC365E30261BE90800633568 /* Main.storyboard */ = {isa = PBXFileReference; fileEncoding = 4; lastKnownFileType = file.storyboard; path = Main.storyboard; sourceTree = "<group>"; };
		DC365E37261BF6DB00633568 /* ImageToText.swift */ = {isa = PBXFileReference; lastKnownFileType = sourcecode.swift; path = ImageToText.swift; sourceTree = "<group>"; };
		DC365E3A261BFCB900633568 /* LocateFile.swift */ = {isa = PBXFileReference; lastKnownFileType = sourcecode.swift; path = LocateFile.swift; sourceTree = "<group>"; };
		DC365E41261C021800633568 /* Constants.swift */ = {isa = PBXFileReference; lastKnownFileType = sourcecode.swift; path = Constants.swift; sourceTree = "<group>"; };
		DC365E45261C900F00633568 /* FileExtensionSortByDate.swift */ = {isa = PBXFileReference; lastKnownFileType = sourcecode.swift; path = FileExtensionSortByDate.swift; sourceTree = "<group>"; };
		DC365E4C261C94B300633568 /* SessionView.swift */ = {isa = PBXFileReference; lastKnownFileType = sourcecode.swift; path = SessionView.swift; sourceTree = "<group>"; };
		DC53D795261E97CC0039A4FF /* BoxSignIn.swift */ = {isa = PBXFileReference; lastKnownFileType = sourcecode.swift; path = BoxSignIn.swift; sourceTree = "<group>"; };
		DC57891126222C4C00293E86 /* SessionStart.swift */ = {isa = PBXFileReference; lastKnownFileType = sourcecode.swift; path = SessionStart.swift; sourceTree = "<group>"; };
		DC98531E261C9AAE000626DF /* ResizeImageExtension.swift */ = {isa = PBXFileReference; lastKnownFileType = sourcecode.swift; path = ResizeImageExtension.swift; sourceTree = "<group>"; };
/* End PBXFileReference section */

/* Begin PBXFrameworksBuildPhase section */
		DC365E15261BE71400633568 /* Frameworks */ = {
			isa = PBXFrameworksBuildPhase;
			buildActionMask = 2147483647;
			files = (
				DC365E3F261C020D00633568 /* KeyboardShortcuts in Frameworks */,
				DC53D793261E97BD0039A4FF /* SwiftyDropbox in Frameworks */,
				DC80864B2621DDF6004CD20F /* PythonKit in Frameworks */,
			);
			runOnlyForDeploymentPostprocessing = 0;
		};
/* End PBXFrameworksBuildPhase section */

/* Begin PBXGroup section */
		DC05BEB12671B608003FF3DD /* ProviderSignIns */ = {
			isa = PBXGroup;
			children = (
				DC53D795261E97CC0039A4FF /* BoxSignIn.swift */,
			);
			path = ProviderSignIns;
			sourceTree = "<group>";
		};
		DC365E0F261BE71400633568 = {
			isa = PBXGroup;
			children = (
				DC365E1A261BE71400633568 /* CloudClip */,
				DC365E19261BE71400633568 /* Products */,
			);
			sourceTree = "<group>";
		};
		DC365E19261BE71400633568 /* Products */ = {
			isa = PBXGroup;
			children = (
				DC365E18261BE71400633568 /* CloudClip.app */,
			);
			name = Products;
			sourceTree = "<group>";
		};
		DC365E1A261BE71400633568 /* CloudClip */ = {
			isa = PBXGroup;
			children = (
				DC365E1B261BE71400633568 /* AppDelegate.swift */,
				DC05BEB22671B672003FF3DD /* ScreenshotWorkflow.swift */,
				DC05BEB72671B7B3003FF3DD /* MenuItemWorkflow.swift */,
				DC05BEB12671B608003FF3DD /* ProviderSignIns */,
				DC365E48261C947800633568 /* Helpers */,
				DC365E49261C948500633568 /* Views */,
				DC365E1F261BE71600633568 /* Assets.xcassets */,
				DC365E30261BE90800633568 /* Main.storyboard */,
				DC365E27261BE71600633568 /* Info.plist */,
				DC365E28261BE71600633568 /* CloudClip.entitlements */,
				DC365E21261BE71600633568 /* Preview Content */,
			);
			path = CloudClip;
			sourceTree = "<group>";
		};
		DC365E21261BE71600633568 /* Preview Content */ = {
			isa = PBXGroup;
			children = (
				DC365E22261BE71600633568 /* Preview Assets.xcassets */,
			);
			path = "Preview Content";
			sourceTree = "<group>";
		};
		DC365E48261C947800633568 /* Helpers */ = {
			isa = PBXGroup;
			children = (
				DC365E37261BF6DB00633568 /* ImageToText.swift */,
				DC365E45261C900F00633568 /* FileExtensionSortByDate.swift */,
				DC365E3A261BFCB900633568 /* LocateFile.swift */,
				DC365E41261C021800633568 /* Constants.swift */,
				DC98531E261C9AAE000626DF /* ResizeImageExtension.swift */,
			);
			path = Helpers;
			sourceTree = "<group>";
		};
		DC365E49261C948500633568 /* Views */ = {
			isa = PBXGroup;
			children = (
				DC365E4C261C94B300633568 /* SessionView.swift */,
				DC57891126222C4C00293E86 /* SessionStart.swift */,
			);
			path = Views;
			sourceTree = "<group>";
		};
/* End PBXGroup section */

/* Begin PBXNativeTarget section */
		DC365E17261BE71400633568 /* CloudClip */ = {
			isa = PBXNativeTarget;
			buildConfigurationList = DC365E2B261BE71600633568 /* Build configuration list for PBXNativeTarget "CloudClip" */;
			buildPhases = (
				DC365E14261BE71400633568 /* Sources */,
				DC365E15261BE71400633568 /* Frameworks */,
				DC365E16261BE71400633568 /* Resources */,
			);
			buildRules = (
			);
			dependencies = (
			);
			name = CloudClip;
			packageProductDependencies = (
				DC365E3E261C020D00633568 /* KeyboardShortcuts */,
				DC53D792261E97BD0039A4FF /* SwiftyDropbox */,
				DC80864A2621DDF6004CD20F /* PythonKit */,
			);
			productName = CloudClip;
			productReference = DC365E18261BE71400633568 /* CloudClip.app */;
			productType = "com.apple.product-type.application";
		};
/* End PBXNativeTarget section */

/* Begin PBXProject section */
		DC365E10261BE71400633568 /* Project object */ = {
			isa = PBXProject;
			attributes = {
				LastSwiftUpdateCheck = 1220;
				LastUpgradeCheck = 1220;
				TargetAttributes = {
					DC365E17261BE71400633568 = {
						CreatedOnToolsVersion = 12.2;
					};
				};
			};
			buildConfigurationList = DC365E13261BE71400633568 /* Build configuration list for PBXProject "CloudClip" */;
			compatibilityVersion = "Xcode 9.3";
			developmentRegion = en;
			hasScannedForEncodings = 0;
			knownRegions = (
				en,
				Base,
			);
			mainGroup = DC365E0F261BE71400633568;
			packageReferences = (
				DC365E3D261C020D00633568 /* XCRemoteSwiftPackageReference "KeyboardShortcuts" */,
				DC53D791261E97BD0039A4FF /* XCRemoteSwiftPackageReference "SwiftyDropbox" */,
				DC8086492621DDF6004CD20F /* XCRemoteSwiftPackageReference "PythonKit" */,
			);
			productRefGroup = DC365E19261BE71400633568 /* Products */;
			projectDirPath = "";
			projectRoot = "";
			targets = (
				DC365E17261BE71400633568 /* CloudClip */,
			);
		};
/* End PBXProject section */

/* Begin PBXResourcesBuildPhase section */
		DC365E16261BE71400633568 /* Resources */ = {
			isa = PBXResourcesBuildPhase;
			buildActionMask = 2147483647;
			files = (
				DC365E31261BE90800633568 /* Main.storyboard in Resources */,
				DC365E23261BE71600633568 /* Preview Assets.xcassets in Resources */,
				DC365E20261BE71600633568 /* Assets.xcassets in Resources */,
			);
			runOnlyForDeploymentPostprocessing = 0;
		};
/* End PBXResourcesBuildPhase section */

/* Begin PBXSourcesBuildPhase section */
		DC365E14261BE71400633568 /* Sources */ = {
			isa = PBXSourcesBuildPhase;
			buildActionMask = 2147483647;
			files = (
				DC365E46261C900F00633568 /* FileExtensionSortByDate.swift in Sources */,
				DC365E4D261C94B300633568 /* SessionView.swift in Sources */,
				DC05BEB82671B7B3003FF3DD /* MenuItemWorkflow.swift in Sources */,
				DC98531F261C9AAE000626DF /* ResizeImageExtension.swift in Sources */,
				DC365E38261BF6DB00633568 /* ImageToText.swift in Sources */,
				DC57891226222C4C00293E86 /* SessionStart.swift in Sources */,
				DC53D796261E97CC0039A4FF /* BoxSignIn.swift in Sources */,
				DC365E42261C021800633568 /* Constants.swift in Sources */,
				DC05BEB32671B672003FF3DD /* ScreenshotWorkflow.swift in Sources */,
				DC365E1C261BE71400633568 /* AppDelegate.swift in Sources */,
				DC365E3B261BFCB900633568 /* LocateFile.swift in Sources */,
			);
			runOnlyForDeploymentPostprocessing = 0;
		};
/* End PBXSourcesBuildPhase section */

/* Begin XCBuildConfiguration section */
		DC365E29261BE71600633568 /* Debug */ = {
			isa = XCBuildConfiguration;
			buildSettings = {
				ALWAYS_SEARCH_USER_PATHS = NO;
				CLANG_ANALYZER_NONNULL = YES;
				CLANG_ANALYZER_NUMBER_OBJECT_CONVERSION = YES_AGGRESSIVE;
				CLANG_CXX_LANGUAGE_STANDARD = "gnu++14";
				CLANG_CXX_LIBRARY = "libc++";
				CLANG_ENABLE_MODULES = YES;
				CLANG_ENABLE_OBJC_ARC = YES;
				CLANG_ENABLE_OBJC_WEAK = YES;
				CLANG_WARN_BLOCK_CAPTURE_AUTORELEASING = YES;
				CLANG_WARN_BOOL_CONVERSION = YES;
				CLANG_WARN_COMMA = YES;
				CLANG_WARN_CONSTANT_CONVERSION = YES;
				CLANG_WARN_DEPRECATED_OBJC_IMPLEMENTATIONS = YES;
				CLANG_WARN_DIRECT_OBJC_ISA_USAGE = YES_ERROR;
				CLANG_WARN_DOCUMENTATION_COMMENTS = YES;
				CLANG_WARN_EMPTY_BODY = YES;
				CLANG_WARN_ENUM_CONVERSION = YES;
				CLANG_WARN_INFINITE_RECURSION = YES;
				CLANG_WARN_INT_CONVERSION = YES;
				CLANG_WARN_NON_LITERAL_NULL_CONVERSION = YES;
				CLANG_WARN_OBJC_IMPLICIT_RETAIN_SELF = YES;
				CLANG_WARN_OBJC_LITERAL_CONVERSION = YES;
				CLANG_WARN_OBJC_ROOT_CLASS = YES_ERROR;
				CLANG_WARN_QUOTED_INCLUDE_IN_FRAMEWORK_HEADER = YES;
				CLANG_WARN_RANGE_LOOP_ANALYSIS = YES;
				CLANG_WARN_STRICT_PROTOTYPES = YES;
				CLANG_WARN_SUSPICIOUS_MOVE = YES;
				CLANG_WARN_UNGUARDED_AVAILABILITY = YES_AGGRESSIVE;
				CLANG_WARN_UNREACHABLE_CODE = YES;
				CLANG_WARN__DUPLICATE_METHOD_MATCH = YES;
				COPY_PHASE_STRIP = NO;
				DEBUG_INFORMATION_FORMAT = dwarf;
				ENABLE_STRICT_OBJC_MSGSEND = YES;
				ENABLE_TESTABILITY = YES;
				GCC_C_LANGUAGE_STANDARD = gnu11;
				GCC_DYNAMIC_NO_PIC = NO;
				GCC_NO_COMMON_BLOCKS = YES;
				GCC_OPTIMIZATION_LEVEL = 0;
				GCC_PREPROCESSOR_DEFINITIONS = (
					"DEBUG=1",
					"$(inherited)",
				);
				GCC_WARN_64_TO_32_BIT_CONVERSION = YES;
				GCC_WARN_ABOUT_RETURN_TYPE = YES_ERROR;
				GCC_WARN_UNDECLARED_SELECTOR = YES;
				GCC_WARN_UNINITIALIZED_AUTOS = YES_AGGRESSIVE;
				GCC_WARN_UNUSED_FUNCTION = YES;
				GCC_WARN_UNUSED_VARIABLE = YES;
				MACOSX_DEPLOYMENT_TARGET = 11.0;
				MTL_ENABLE_DEBUG_INFO = INCLUDE_SOURCE;
				MTL_FAST_MATH = YES;
				ONLY_ACTIVE_ARCH = YES;
				SDKROOT = macosx;
				SWIFT_ACTIVE_COMPILATION_CONDITIONS = DEBUG;
				SWIFT_OPTIMIZATION_LEVEL = "-Onone";
			};
			name = Debug;
		};
		DC365E2A261BE71600633568 /* Release */ = {
			isa = XCBuildConfiguration;
			buildSettings = {
				ALWAYS_SEARCH_USER_PATHS = NO;
				CLANG_ANALYZER_NONNULL = YES;
				CLANG_ANALYZER_NUMBER_OBJECT_CONVERSION = YES_AGGRESSIVE;
				CLANG_CXX_LANGUAGE_STANDARD = "gnu++14";
				CLANG_CXX_LIBRARY = "libc++";
				CLANG_ENABLE_MODULES = YES;
				CLANG_ENABLE_OBJC_ARC = YES;
				CLANG_ENABLE_OBJC_WEAK = YES;
				CLANG_WARN_BLOCK_CAPTURE_AUTORELEASING = YES;
				CLANG_WARN_BOOL_CONVERSION = YES;
				CLANG_WARN_COMMA = YES;
				CLANG_WARN_CONSTANT_CONVERSION = YES;
				CLANG_WARN_DEPRECATED_OBJC_IMPLEMENTATIONS = YES;
				CLANG_WARN_DIRECT_OBJC_ISA_USAGE = YES_ERROR;
				CLANG_WARN_DOCUMENTATION_COMMENTS = YES;
				CLANG_WARN_EMPTY_BODY = YES;
				CLANG_WARN_ENUM_CONVERSION = YES;
				CLANG_WARN_INFINITE_RECURSION = YES;
				CLANG_WARN_INT_CONVERSION = YES;
				CLANG_WARN_NON_LITERAL_NULL_CONVERSION = YES;
				CLANG_WARN_OBJC_IMPLICIT_RETAIN_SELF = YES;
				CLANG_WARN_OBJC_LITERAL_CONVERSION = YES;
				CLANG_WARN_OBJC_ROOT_CLASS = YES_ERROR;
				CLANG_WARN_QUOTED_INCLUDE_IN_FRAMEWORK_HEADER = YES;
				CLANG_WARN_RANGE_LOOP_ANALYSIS = YES;
				CLANG_WARN_STRICT_PROTOTYPES = YES;
				CLANG_WARN_SUSPICIOUS_MOVE = YES;
				CLANG_WARN_UNGUARDED_AVAILABILITY = YES_AGGRESSIVE;
				CLANG_WARN_UNREACHABLE_CODE = YES;
				CLANG_WARN__DUPLICATE_METHOD_MATCH = YES;
				COPY_PHASE_STRIP = NO;
				DEBUG_INFORMATION_FORMAT = "dwarf-with-dsym";
				ENABLE_NS_ASSERTIONS = NO;
				ENABLE_STRICT_OBJC_MSGSEND = YES;
				GCC_C_LANGUAGE_STANDARD = gnu11;
				GCC_NO_COMMON_BLOCKS = YES;
				GCC_WARN_64_TO_32_BIT_CONVERSION = YES;
				GCC_WARN_ABOUT_RETURN_TYPE = YES_ERROR;
				GCC_WARN_UNDECLARED_SELECTOR = YES;
				GCC_WARN_UNINITIALIZED_AUTOS = YES_AGGRESSIVE;
				GCC_WARN_UNUSED_FUNCTION = YES;
				GCC_WARN_UNUSED_VARIABLE = YES;
				MACOSX_DEPLOYMENT_TARGET = 11.0;
				MTL_ENABLE_DEBUG_INFO = NO;
				MTL_FAST_MATH = YES;
				SDKROOT = macosx;
				SWIFT_COMPILATION_MODE = wholemodule;
				SWIFT_OPTIMIZATION_LEVEL = "-O";
			};
			name = Release;
		};
		DC365E2C261BE71600633568 /* Debug */ = {
			isa = XCBuildConfiguration;
			buildSettings = {
				ASSETCATALOG_COMPILER_APPICON_NAME = AppIcon;
				ASSETCATALOG_COMPILER_GLOBAL_ACCENT_COLOR_NAME = AccentColor;
				CODE_SIGN_ENTITLEMENTS = CloudClip/CloudClip.entitlements;
				CODE_SIGN_IDENTITY = "Apple Development";
				CODE_SIGN_STYLE = Automatic;
				COMBINE_HIDPI_IMAGES = YES;
				DEVELOPMENT_ASSET_PATHS = "\"CloudClip/Preview Content\"";
				DEVELOPMENT_TEAM = 66AVQK2TF9;
				ENABLE_HARDENED_RUNTIME = YES;
				ENABLE_PREVIEWS = YES;
				INFOPLIST_FILE = CloudClip/Info.plist;
				LD_RUNPATH_SEARCH_PATHS = (
					"$(inherited)",
					"@executable_path/../Frameworks",
				);
				MACOSX_DEPLOYMENT_TARGET = 10.15;
				PRODUCT_BUNDLE_IDENTIFIER = "com.shravan-prasanth.CloudClip";
				PRODUCT_NAME = "$(TARGET_NAME)";
				SWIFT_VERSION = 5.0;
			};
			name = Debug;
		};
		DC365E2D261BE71600633568 /* Release */ = {
			isa = XCBuildConfiguration;
			buildSettings = {
				ASSETCATALOG_COMPILER_APPICON_NAME = AppIcon;
				ASSETCATALOG_COMPILER_GLOBAL_ACCENT_COLOR_NAME = AccentColor;
				CODE_SIGN_ENTITLEMENTS = CloudClip/CloudClip.entitlements;
				CODE_SIGN_IDENTITY = "Apple Development";
				CODE_SIGN_STYLE = Automatic;
				COMBINE_HIDPI_IMAGES = YES;
				DEVELOPMENT_ASSET_PATHS = "\"CloudClip/Preview Content\"";
				DEVELOPMENT_TEAM = 66AVQK2TF9;
				ENABLE_HARDENED_RUNTIME = YES;
				ENABLE_PREVIEWS = YES;
				INFOPLIST_FILE = CloudClip/Info.plist;
				LD_RUNPATH_SEARCH_PATHS = (
					"$(inherited)",
					"@executable_path/../Frameworks",
				);
				MACOSX_DEPLOYMENT_TARGET = 10.15;
				PRODUCT_BUNDLE_IDENTIFIER = "com.shravan-prasanth.CloudClip";
				PRODUCT_NAME = "$(TARGET_NAME)";
				SWIFT_VERSION = 5.0;
			};
			name = Release;
		};
/* End XCBuildConfiguration section */

/* Begin XCConfigurationList section */
		DC365E13261BE71400633568 /* Build configuration list for PBXProject "CloudClip" */ = {
			isa = XCConfigurationList;
			buildConfigurations = (
				DC365E29261BE71600633568 /* Debug */,
				DC365E2A261BE71600633568 /* Release */,
			);
			defaultConfigurationIsVisible = 0;
			defaultConfigurationName = Release;
		};
		DC365E2B261BE71600633568 /* Build configuration list for PBXNativeTarget "CloudClip" */ = {
			isa = XCConfigurationList;
			buildConfigurations = (
				DC365E2C261BE71600633568 /* Debug */,
				DC365E2D261BE71600633568 /* Release */,
			);
			defaultConfigurationIsVisible = 0;
			defaultConfigurationName = Release;
		};
/* End XCConfigurationList section */

/* Begin XCRemoteSwiftPackageReference section */
		DC365E3D261C020D00633568 /* XCRemoteSwiftPackageReference "KeyboardShortcuts" */ = {
			isa = XCRemoteSwiftPackageReference;
			repositoryURL = "https://github.com/sindresorhus/KeyboardShortcuts";
			requirement = {
				kind = upToNextMajorVersion;
				minimumVersion = 1.0.0;
			};
		};
		DC53D791261E97BD0039A4FF /* XCRemoteSwiftPackageReference "SwiftyDropbox" */ = {
			isa = XCRemoteSwiftPackageReference;
			repositoryURL = "https://github.com/dropbox/SwiftyDropbox.git";
			requirement = {
				kind = upToNextMajorVersion;
				minimumVersion = 7.0.0;
			};
		};
		DC8086492621DDF6004CD20F /* XCRemoteSwiftPackageReference "PythonKit" */ = {
			isa = XCRemoteSwiftPackageReference;
			repositoryURL = "https://github.com/pvieito/PythonKit.git";
			requirement = {
				kind = upToNextMajorVersion;
				minimumVersion = 0.1.0;
			};
		};
/* End XCRemoteSwiftPackageReference section */

/* Begin XCSwiftPackageProductDependency section */
		DC365E3E261C020D00633568 /* KeyboardShortcuts */ = {
			isa = XCSwiftPackageProductDependency;
			package = DC365E3D261C020D00633568 /* XCRemoteSwiftPackageReference "KeyboardShortcuts" */;
			productName = KeyboardShortcuts;
		};
		DC53D792261E97BD0039A4FF /* SwiftyDropbox */ = {
			isa = XCSwiftPackageProductDependency;
			package = DC53D791261E97BD0039A4FF /* XCRemoteSwiftPackageReference "SwiftyDropbox" */;
			productName = SwiftyDropbox;
		};
		DC80864A2621DDF6004CD20F /* PythonKit */ = {
			isa = XCSwiftPackageProductDependency;
			package = DC8086492621DDF6004CD20F /* XCRemoteSwiftPackageReference "PythonKit" */;
			productName = PythonKit;
		};
/* End XCSwiftPackageProductDependency section */
	};
	rootObject = DC365E10261BE71400633568 /* Project object */;
}
